
Microsoft Visual Studio Solution File, Format Version 12.00
# Visual Studio Version 16
VisualStudioVersion = 16.0.31613.86
MinimumVisualStudioVersion = 10.0.40219.1
Project("{FAE04EC0-301F-11D3-BF4B-00C04F79EFBC}") = "NumberGuessingGame", "NumberGuessingGame\NumberGuessingGame.csproj", "{2A096710-6993-4694-944F-2738C7D09D0B}"
EndProject
Global
	GlobalSection(SolutionConfigurationPlatforms) = preSolution
		Debug|Any CPU = Debug|Any CPU
		Release|Any CPU = Release|Any CPU
	EndGlobalSection
	GlobalSection(ProjectConfigurationPlatforms) = postSolution
		{2A096710-6993-4694-944F-2738C7D09D0B}.Debug|Any CPU.ActiveCfg = Debug|Any CPU
		{2A096710-6993-4694-944F-2738C7D09D0B}.Debug|Any CPU.Build.0 = Debug|Any CPU
		{2A096710-6993-4694-944F-2738C7D09D0B}.Release|Any CPU.ActiveCfg = Release|Any CPU
		{2A096710-6993-4694-944F-2738C7D09D0B}.Release|Any CPU.Build.0 = Release|Any CPU
	EndGlobalSection
	GlobalSection(SolutionProperties) = preSolution
		HideSolutionNode = FALSE
	EndGlobalSection
	GlobalSection(ExtensibilityGlobals) = postSolution
		SolutionGuid = {2803EEDB-AEEC-4595-9DC5-032DB35F5CB1}
	EndGlobalSection
EndGlobal
